
Microsoft Visual Studio Solution File, Format Version 12.00
# Visual Studio Version 16
VisualStudioVersion = 16.0.30330.147
MinimumVisualStudioVersion = 10.0.40219.1
Project("{8BC9CEB8-8B4A-11D0-8D11-00A0C91BC942}") = "Palindrom String", "Palindrom String\Palindrom String.vcxproj", "{9585DC0C-BCD8-450C-9E05-130A8DADDB1C}"
EndProject
Global
	GlobalSection(SolutionConfigurationPlatforms) = preSolution
		Debug|x64 = Debug|x64
		Debug|x86 = Debug|x86
		Release|x64 = Release|x64
		Release|x86 = Release|x86
	EndGlobalSection
	GlobalSection(ProjectConfigurationPlatforms) = postSolution
		{9585DC0C-BCD8-450C-9E05-130A8DADDB1C}.Debug|x64.ActiveCfg = Debug|x64
		{9585DC0C-BCD8-450C-9E05-130A8DADDB1C}.Debug|x64.Build.0 = Debug|x64
		{9585DC0C-BCD8-450C-9E05-130A8DADDB1C}.Debug|x86.ActiveCfg = Debug|Win32
		{9585DC0C-BCD8-450C-9E05-130A8DADDB1C}.Debug|x86.Build.0 = Debug|Win32
		{9585DC0C-BCD8-450C-9E05-130A8DADDB1C}.Release|x64.ActiveCfg = Release|x64
		{9585DC0C-BCD8-450C-9E05-130A8DADDB1C}.Release|x64.Build.0 = Release|x64
		{9585DC0C-BCD8-450C-9E05-130A8DADDB1C}.Release|x86.ActiveCfg = Release|Win32
		{9585DC0C-BCD8-450C-9E05-130A8DADDB1C}.Release|x86.Build.0 = Release|Win32
	EndGlobalSection
	GlobalSection(SolutionProperties) = preSolution
		HideSolutionNode = FALSE
	EndGlobalSection
	GlobalSection(ExtensibilityGlobals) = postSolution
		SolutionGuid = {18196126-6CDC-4B8F-9D0D-09B86B942B29}
	EndGlobalSection
EndGlobal
